{
  "version": 4,
  "terraform_version": "0.14.3",
  "serial": 68,
  "lineage": "636564a8-1b2d-5296-1413-6ce5b8c7c856",
  "outputs": {},
  "resources": [
    {
      "module": "module.foundation",
      "mode": "data",
      "type": "azurestack_resource_group",
      "name": "resource_group",
      "provider": "provider[\"registry.terraform.io/hashicorp/azurestack\"]",
      "instances": [
        {
          "index_key": "rg_createthrough_terraform",
          "schema_version": 0,
          "attributes": {
            "id": "/subscriptions/957477ba-a5b6-40a6-85ca-b5be7be8c400/resourceGroups/rg_createthrough_terraform",
            "location": "azs001",
            "name": "rg_createthrough_terraform",
            "tags": {}
          },
          "sensitive_attributes": []
        }
      ]
    },
    {
      "module": "module.foundation",
      "mode": "data",
      "type": "azurestack_virtual_network",
      "name": "networks",
      "provider": "provider[\"registry.terraform.io/hashicorp/azurestack\"]",
      "instances": [
        {
          "index_key": "vnet-hub",
          "schema_version": 0,
          "attributes": {
            "address_spaces": [
              "10.128.0.0/9"
            ],
            "dns_servers": [],
            "id": "/subscriptions/957477ba-a5b6-40a6-85ca-b5be7be8c400/resourceGroups/rg_createthrough_terraform/providers/Microsoft.Network/virtualNetworks/vnet-hub",
            "name": "vnet-hub",
            "resource_group_name": "rg_createthrough_terraform",
            "subnets": []
          },
          "sensitive_attributes": []
        },
        {
          "index_key": "vnet-prod",
          "schema_version": 0,
          "attributes": {
            "address_spaces": [
              "10.0.0.0/9"
            ],
            "dns_servers": [],
            "id": "/subscriptions/957477ba-a5b6-40a6-85ca-b5be7be8c400/resourceGroups/rg_createthrough_terraform/providers/Microsoft.Network/virtualNetworks/vnet-prod",
            "name": "vnet-prod",
            "resource_group_name": "rg_createthrough_terraform",
            "subnets": []
          },
          "sensitive_attributes": []
        }
      ]
    },
    {
      "module": "module.foundation",
      "mode": "managed",
      "type": "azurestack_resource_group",
      "name": "resource_group",
      "provider": "provider[\"registry.terraform.io/hashicorp/azurestack\"]",
      "instances": [
        {
          "index_key": "rg_createthrough_terraform",
          "schema_version": 0,
          "attributes": {
            "id": "/subscriptions/957477ba-a5b6-40a6-85ca-b5be7be8c400/resourceGroups/rg_createthrough_terraform",
            "location": "azs001",
            "name": "rg_createthrough_terraform",
            "tags": {}
          },
          "sensitive_attributes": [],
          "private": "bnVsbA=="
        }
      ]
    },
    {
      "module": "module.foundation",
      "mode": "managed",
      "type": "azurestack_subnet",
      "name": "networks",
      "provider": "provider[\"registry.terraform.io/hashicorp/azurestack\"]",
      "instances": [
        {
          "index_key": "vnet-hub-AzureBastionSubnet",
          "schema_version": 0,
          "attributes": {
            "address_prefix": "10.134.0.0/16",
            "id": "/subscriptions/957477ba-a5b6-40a6-85ca-b5be7be8c400/resourceGroups/rg_createthrough_terraform/providers/Microsoft.Network/virtualNetworks/vnet-hub/subnets/AzureBastionSubnet",
            "ip_configurations": [],
            "name": "AzureBastionSubnet",
            "network_security_group_id": null,
            "resource_group_name": "rg_createthrough_terraform",
            "route_table_id": null,
            "virtual_network_name": "vnet-hub"
          },
          "sensitive_attributes": [],
          "private": "bnVsbA==",
          "dependencies": [
            "module.foundation.azurestack_resource_group.resource_group",
            "module.foundation.azurestack_virtual_network.networks",
            "module.foundation.data.azurestack_resource_group.resource_group"
          ]
        },
        {
          "index_key": "vnet-hub-AzureFirewallSubnet",
          "schema_version": 0,
          "attributes": {
            "address_prefix": "10.133.0.0/16",
            "id": "/subscriptions/957477ba-a5b6-40a6-85ca-b5be7be8c400/resourceGroups/rg_createthrough_terraform/providers/Microsoft.Network/virtualNetworks/vnet-hub/subnets/AzureFirewallSubnet",
            "ip_configurations": [],
            "name": "AzureFirewallSubnet",
            "network_security_group_id": null,
            "resource_group_name": "rg_createthrough_terraform",
            "route_table_id": null,
            "virtual_network_name": "vnet-hub"
          },
          "sensitive_attributes": [],
          "private": "bnVsbA==",
          "dependencies": [
            "module.foundation.azurestack_resource_group.resource_group",
            "module.foundation.azurestack_virtual_network.networks",
            "module.foundation.data.azurestack_resource_group.resource_group"
          ]
        },
        {
          "index_key": "vnet-hub-GatewaySubnet",
          "schema_version": 0,
          "attributes": {
            "address_prefix": "10.135.0.0/16",
            "id": "/subscriptions/957477ba-a5b6-40a6-85ca-b5be7be8c400/resourceGroups/rg_createthrough_terraform/providers/Microsoft.Network/virtualNetworks/vnet-hub/subnets/GatewaySubnet",
            "ip_configurations": [],
            "name": "GatewaySubnet",
            "network_security_group_id": null,
            "resource_group_name": "rg_createthrough_terraform",
            "route_table_id": null,
            "virtual_network_name": "vnet-hub"
          },
          "sensitive_attributes": [],
          "private": "bnVsbA==",
          "dependencies": [
            "module.foundation.azurestack_resource_group.resource_group",
            "module.foundation.azurestack_virtual_network.networks",
            "module.foundation.data.azurestack_resource_group.resource_group"
          ]
        },
        {
          "index_key": "vnet-hub-mgmt",
          "schema_version": 0,
          "attributes": {
            "address_prefix": "10.129.0.0/16",
            "id": "/subscriptions/957477ba-a5b6-40a6-85ca-b5be7be8c400/resourceGroups/rg_createthrough_terraform/providers/Microsoft.Network/virtualNetworks/vnet-hub/subnets/mgmt",
            "ip_configurations": [],
            "name": "mgmt",
            "network_security_group_id": null,
            "resource_group_name": "rg_createthrough_terraform",
            "route_table_id": null,
            "virtual_network_name": "vnet-hub"
          },
          "sensitive_attributes": [],
          "private": "bnVsbA==",
          "dependencies": [
            "module.foundation.azurestack_resource_group.resource_group",
            "module.foundation.azurestack_virtual_network.networks",
            "module.foundation.data.azurestack_resource_group.resource_group"
          ]
        },
        {
          "index_key": "vnet-prod-app",
          "schema_version": 0,
          "attributes": {
            "address_prefix": "10.2.0.0/16",
            "id": "/subscriptions/957477ba-a5b6-40a6-85ca-b5be7be8c400/resourceGroups/rg_createthrough_terraform/providers/Microsoft.Network/virtualNetworks/vnet-prod/subnets/app",
            "ip_configurations": [],
            "name": "app",
            "network_security_group_id": null,
            "resource_group_name": "rg_createthrough_terraform",
            "route_table_id": null,
            "virtual_network_name": "vnet-prod"
          },
          "sensitive_attributes": [],
          "private": "bnVsbA==",
          "dependencies": [
            "module.foundation.azurestack_resource_group.resource_group",
            "module.foundation.azurestack_virtual_network.networks",
            "module.foundation.data.azurestack_resource_group.resource_group"
          ]
        },
        {
          "index_key": "vnet-prod-mgmt",
          "schema_version": 0,
          "attributes": {
            "address_prefix": "10.1.0.0/16",
            "id": "/subscriptions/957477ba-a5b6-40a6-85ca-b5be7be8c400/resourceGroups/rg_createthrough_terraform/providers/Microsoft.Network/virtualNetworks/vnet-prod/subnets/mgmt",
            "ip_configurations": [],
            "name": "mgmt",
            "network_security_group_id": null,
            "resource_group_name": "rg_createthrough_terraform",
            "route_table_id": null,
            "virtual_network_name": "vnet-prod"
          },
          "sensitive_attributes": [],
          "private": "bnVsbA==",
          "dependencies": [
            "module.foundation.azurestack_resource_group.resource_group",
            "module.foundation.azurestack_virtual_network.networks",
            "module.foundation.data.azurestack_resource_group.resource_group"
          ]
        }
      ]
    },
    {
      "module": "module.foundation",
      "mode": "managed",
      "type": "azurestack_virtual_network",
      "name": "networks",
      "provider": "provider[\"registry.terraform.io/hashicorp/azurestack\"]",
      "instances": [
        {
          "index_key": "vnet-hub",
          "schema_version": 0,
          "attributes": {
            "address_space": [
              "10.128.0.0/9"
            ],
            "dns_servers": null,
            "id": "/subscriptions/957477ba-a5b6-40a6-85ca-b5be7be8c400/resourceGroups/rg_createthrough_terraform/providers/Microsoft.Network/virtualNetworks/vnet-hub",
            "location": "azs001",
            "name": "vnet-hub",
            "resource_group_name": "rg_createthrough_terraform",
            "subnet": [],
            "tags": {}
          },
          "sensitive_attributes": [],
          "private": "bnVsbA==",
          "dependencies": [
            "module.foundation.azurestack_resource_group.resource_group",
            "module.foundation.data.azurestack_resource_group.resource_group"
          ]
        },
        {
          "index_key": "vnet-prod",
          "schema_version": 0,
          "attributes": {
            "address_space": [
              "10.0.0.0/9"
            ],
            "dns_servers": null,
            "id": "/subscriptions/957477ba-a5b6-40a6-85ca-b5be7be8c400/resourceGroups/rg_createthrough_terraform/providers/Microsoft.Network/virtualNetworks/vnet-prod",
            "location": "azs001",
            "name": "vnet-prod",
            "resource_group_name": "rg_createthrough_terraform",
            "subnet": [],
            "tags": {}
          },
          "sensitive_attributes": [],
          "private": "bnVsbA==",
          "dependencies": [
            "module.foundation.azurestack_resource_group.resource_group",
            "module.foundation.data.azurestack_resource_group.resource_group"
          ]
        }
      ]
    }
  ]
}
